
Microsoft Visual Studio Solution File, Format Version 12.00
# Visual Studio 15
VisualStudioVersion = 15.0.28307.705
MinimumVisualStudioVersion = 10.0.40219.1
Project("{9A19103F-16F7-4668-BE54-9A1E7A4F7556}") = "Data Connection", "Data Connection\Data Connection.csproj", "{B69AAFDE-EED4-4DD8-9181-0CD18737BE39}"
EndProject
Global
	GlobalSection(SolutionConfigurationPlatforms) = preSolution
		Debug|Any CPU = Debug|Any CPU
		Release|Any CPU = Release|Any CPU
	EndGlobalSection
	GlobalSection(ProjectConfigurationPlatforms) = postSolution
		{B69AAFDE-EED4-4DD8-9181-0CD18737BE39}.Debug|Any CPU.ActiveCfg = Debug|Any CPU
		{B69AAFDE-EED4-4DD8-9181-0CD18737BE39}.Debug|Any CPU.Build.0 = Debug|Any CPU
		{B69AAFDE-EED4-4DD8-9181-0CD18737BE39}.Release|Any CPU.ActiveCfg = Release|Any CPU
		{B69AAFDE-EED4-4DD8-9181-0CD18737BE39}.Release|Any CPU.Build.0 = Release|Any CPU
	EndGlobalSection
	GlobalSection(SolutionProperties) = preSolution
		HideSolutionNode = FALSE
	EndGlobalSection
	GlobalSection(ExtensibilityGlobals) = postSolution
		SolutionGuid = {B763D607-9743-43C6-A91B-20E0F4C0AFED}
	EndGlobalSection
EndGlobal
